Microsoft Visual Studio Solution File, Format Version 8.00
Project("{8BC9CEB8-8B4A-11D0-8D11-00A0C91BC942}") = "bot", "bot.vcproj", "{37F1D255-C360-4C8C-9493-696835E30CDA}"
	ProjectSection(ProjectDependencies) = postProject
	EndProjectSection
EndProject
Global
	GlobalSection(SolutionConfiguration) = preSolution
		Debug = Debug
		Release = Release
	EndGlobalSection
	GlobalSection(ProjectConfiguration) = postSolution
		{37F1D255-C360-4C8C-9493-696835E30CDA}.Debug.ActiveCfg = Debug|Win32
		{37F1D255-C360-4C8C-9493-696835E30CDA}.Debug.Build.0 = Debug|Win32
		{37F1D255-C360-4C8C-9493-696835E30CDA}.Release.ActiveCfg = Release|Win32
		{37F1D255-C360-4C8C-9493-696835E30CDA}.Release.Build.0 = Release|Win32
	EndGlobalSection
	GlobalSection(ExtensibilityGlobals) = postSolution
	EndGlobalSection
	GlobalSection(ExtensibilityAddIns) = postSolution
	EndGlobalSection
EndGlobal
